
Microsoft Visual Studio Solution File, Format Version 12.00
# Visual Studio Version 17
VisualStudioVersion = 17.3.32922.545
MinimumVisualStudioVersion = 10.0.40219.1
Project("{FAE04EC0-301F-11D3-BF4B-00C04F79EFBC}") = "Lesson_4", "Lesson_4.csproj", "{C5E2025A-DEB4-4283-9BF8-A14C3220AEC6}"
EndProject
Global
	GlobalSection(SolutionConfigurationPlatforms) = preSolution
		Debug|Any CPU = Debug|Any CPU
		Release|Any CPU = Release|Any CPU
	EndGlobalSection
	GlobalSection(ProjectConfigurationPlatforms) = postSolution
		{C5E2025A-DEB4-4283-9BF8-A14C3220AEC6}.Debug|Any CPU.ActiveCfg = Debug|Any CPU
		{C5E2025A-DEB4-4283-9BF8-A14C3220AEC6}.Debug|Any CPU.Build.0 = Debug|Any CPU
		{C5E2025A-DEB4-4283-9BF8-A14C3220AEC6}.Release|Any CPU.ActiveCfg = Release|Any CPU
		{C5E2025A-DEB4-4283-9BF8-A14C3220AEC6}.Release|Any CPU.Build.0 = Release|Any CPU
	EndGlobalSection
	GlobalSection(SolutionProperties) = preSolution
		HideSolutionNode = FALSE
	EndGlobalSection
	GlobalSection(ExtensibilityGlobals) = postSolution
		SolutionGuid = {9515189B-2CBE-42F7-9B69-5A8B46F37BB5}
	EndGlobalSection
EndGlobal
